{
  "name": "plan-governance-cli",
  "version": "0.2.3",
  "lockfileVersion": 3,
  "requires": true,
  "packages": {
    "": {
      "name": "plan-governance-cli",
      "version": "0.2.3",
      "bin": {
        "plan-governance-cli": "bin/plan-governance-cli.mjs"
      },
      "engines": {
        "node": ">=20"
      }
    }
  }
}
